// !$*UTF8*$!
{
	archiveVersion = 1;
	classes = {
	};
	objectVersion = 50;
	objects = {

/* Begin PBXBuildFile section */
		964AAF6D24FCEACB0093A3C8 /* AppDelegate.swift in Sources */ = {isa = PBXBuildFile; fileRef = 964AAF6C24FCEACB0093A3C8 /* AppDelegate.swift */; };
		964AAF6F24FCEACB0093A3C8 /* SceneDelegate.swift in Sources */ = {isa = PBXBuildFile; fileRef = 964AAF6E24FCEACB0093A3C8 /* SceneDelegate.swift */; };
		964AAF7124FCEACB0093A3C8 /* ViewController.swift in Sources */ = {isa = PBXBuildFile; fileRef = 964AAF7024FCEACB0093A3C8 /* ViewController.swift */; };
		964AAF7424FCEACB0093A3C8 /* Main.storyboard in Resources */ = {isa = PBXBuildFile; fileRef = 964AAF7224FCEACB0093A3C8 /* Main.storyboard */; };
		964AAF7624FCEACD0093A3C8 /* Assets.xcassets in Resources */ = {isa = PBXBuildFile; fileRef = 964AAF7524FCEACD0093A3C8 /* Assets.xcassets */; };
		964AAF7924FCEACD0093A3C8 /* LaunchScreen.storyboard in Resources */ = {isa = PBXBuildFile; fileRef = 964AAF7724FCEACD0093A3C8 /* LaunchScreen.storyboard */; };
		964AAF8424FCEACD0093A3C8 /* ViperSampleTests.swift in Sources */ = {isa = PBXBuildFile; fileRef = 964AAF8324FCEACD0093A3C8 /* ViperSampleTests.swift */; };
		964AAF8F24FCEACD0093A3C8 /* ViperSampleUITests.swift in Sources */ = {isa = PBXBuildFile; fileRef = 964AAF8E24FCEACD0093A3C8 /* ViperSampleUITests.swift */; };
		964AAFA124FCEB3B0093A3C8 /* UserInteractor.swift in Sources */ = {isa = PBXBuildFile; fileRef = 964AAFA024FCEB3B0093A3C8 /* UserInteractor.swift */; };
		964AAFA324FCEB4E0093A3C8 /* User.swift in Sources */ = {isa = PBXBuildFile; fileRef = 964AAFA224FCEB4E0093A3C8 /* User.swift */; };
		964AAFB324FCF0350093A3C8 /* WelcomeRouter.swift in Sources */ = {isa = PBXBuildFile; fileRef = 964AAFB224FCF0350093A3C8 /* WelcomeRouter.swift */; };
		964AAFB524FCF03D0093A3C8 /* WelcomePresenter.swift in Sources */ = {isa = PBXBuildFile; fileRef = 964AAFB424FCF03D0093A3C8 /* WelcomePresenter.swift */; };
		964AAFB724FCF0470093A3C8 /* WelcomeViewController.swift in Sources */ = {isa = PBXBuildFile; fileRef = 964AAFB624FCF0470093A3C8 /* WelcomeViewController.swift */; };
		964AAFB924FCF04D0093A3C8 /* Welcome.storyboard in Resources */ = {isa = PBXBuildFile; fileRef = 964AAFB824FCF04D0093A3C8 /* Welcome.storyboard */; };
		964AAFBB24FCF05A0093A3C8 /* UserInfo.storyboard in Resources */ = {isa = PBXBuildFile; fileRef = 964AAFBA24FCF05A0093A3C8 /* UserInfo.storyboard */; };
		964AAFBD24FCF0630093A3C8 /* UserInfoRouter.swift in Sources */ = {isa = PBXBuildFile; fileRef = 964AAFBC24FCF0630093A3C8 /* UserInfoRouter.swift */; };
		964AAFBF24FCF06B0093A3C8 /* UserInfoPresenter.swift in Sources */ = {isa = PBXBuildFile; fileRef = 964AAFBE24FCF06B0093A3C8 /* UserInfoPresenter.swift */; };
		964AAFC124FCF2970093A3C8 /* UserInfoViewController.swift in Sources */ = {isa = PBXBuildFile; fileRef = 964AAFC024FCF2970093A3C8 /* UserInfoViewController.swift */; };
/* End PBXBuildFile section */

/* Begin PBXContainerItemProxy section */
		964AAF8024FCEACD0093A3C8 /* PBXContainerItemProxy */ = {
			isa = PBXContainerItemProxy;
			containerPortal = 964AAF6124FCEACB0093A3C8 /* Project object */;
			proxyType = 1;
			remoteGlobalIDString = 964AAF6824FCEACB0093A3C8;
			remoteInfo = ViperSample;
		};
		964AAF8B24FCEACD0093A3C8 /* PBXContainerItemProxy */ = {
			isa = PBXContainerItemProxy;
			containerPortal = 964AAF6124FCEACB0093A3C8 /* Project object */;
			proxyType = 1;
			remoteGlobalIDString = 964AAF6824FCEACB0093A3C8;
			remoteInfo = ViperSample;
		};
/* End PBXContainerItemProxy section */

/* Begin PBXFileReference section */
		964AAF6924FCEACB0093A3C8 /* ViperSample.app */ = {isa = PBXFileReference; explicitFileType = wrapper.application; includeInIndex = 0; path = ViperSample.app; sourceTree = BUILT_PRODUCTS_DIR; };
		964AAF6C24FCEACB0093A3C8 /* AppDelegate.swift */ = {isa = PBXFileReference; lastKnownFileType = sourcecode.swift; path = AppDelegate.swift; sourceTree = "<group>"; };
		964AAF6E24FCEACB0093A3C8 /* SceneDelegate.swift */ = {isa = PBXFileReference; lastKnownFileType = sourcecode.swift; path = SceneDelegate.swift; sourceTree = "<group>"; };
		964AAF7024FCEACB0093A3C8 /* ViewController.swift */ = {isa = PBXFileReference; lastKnownFileType = sourcecode.swift; path = ViewController.swift; sourceTree = "<group>"; };
		964AAF7324FCEACB0093A3C8 /* Base */ = {isa = PBXFileReference; lastKnownFileType = file.storyboard; name = Base; path = Base.lproj/Main.storyboard; sourceTree = "<group>"; };
		964AAF7524FCEACD0093A3C8 /* Assets.xcassets */ = {isa = PBXFileReference; lastKnownFileType = folder.assetcatalog; path = Assets.xcassets; sourceTree = "<group>"; };
		964AAF7824FCEACD0093A3C8 /* Base */ = {isa = PBXFileReference; lastKnownFileType = file.storyboard; name = Base; path = Base.lproj/LaunchScreen.storyboard; sourceTree = "<group>"; };
		964AAF7A24FCEACD0093A3C8 /* Info.plist */ = {isa = PBXFileReference; lastKnownFileType = text.plist.xml; path = Info.plist; sourceTree = "<group>"; };
		964AAF7F24FCEACD0093A3C8 /* ViperSampleTests.xctest */ = {isa = PBXFileReference; explicitFileType = wrapper.cfbundle; includeInIndex = 0; path = ViperSampleTests.xctest; sourceTree = BUILT_PRODUCTS_DIR; };
		964AAF8324FCEACD0093A3C8 /* ViperSampleTests.swift */ = {isa = PBXFileReference; lastKnownFileType = sourcecode.swift; path = ViperSampleTests.swift; sourceTree = "<group>"; };
		964AAF8524FCEACD0093A3C8 /* Info.plist */ = {isa = PBXFileReference; lastKnownFileType = text.plist.xml; path = Info.plist; sourceTree = "<group>"; };
		964AAF8A24FCEACD0093A3C8 /* ViperSampleUITests.xctest */ = {isa = PBXFileReference; explicitFileType = wrapper.cfbundle; includeInIndex = 0; path = ViperSampleUITests.xctest; sourceTree = BUILT_PRODUCTS_DIR; };
		964AAF8E24FCEACD0093A3C8 /* ViperSampleUITests.swift */ = {isa = PBXFileReference; lastKnownFileType = sourcecode.swift; path = ViperSampleUITests.swift; sourceTree = "<group>"; };
		964AAF9024FCEACD0093A3C8 /* Info.plist */ = {isa = PBXFileReference; lastKnownFileType = text.plist.xml; path = Info.plist; sourceTree = "<group>"; };
		964AAFA024FCEB3B0093A3C8 /* UserInteractor.swift */ = {isa = PBXFileReference; lastKnownFileType = sourcecode.swift; path = UserInteractor.swift; sourceTree = "<group>"; };
		964AAFA224FCEB4E0093A3C8 /* User.swift */ = {isa = PBXFileReference; lastKnownFileType = sourcecode.swift; path = User.swift; sourceTree = "<group>"; };
		964AAFB224FCF0350093A3C8 /* WelcomeRouter.swift */ = {isa = PBXFileReference; lastKnownFileType = sourcecode.swift; path = WelcomeRouter.swift; sourceTree = "<group>"; };
		964AAFB424FCF03D0093A3C8 /* WelcomePresenter.swift */ = {isa = PBXFileReference; lastKnownFileType = sourcecode.swift; path = WelcomePresenter.swift; sourceTree = "<group>"; };
		964AAFB624FCF0470093A3C8 /* WelcomeViewController.swift */ = {isa = PBXFileReference; lastKnownFileType = sourcecode.swift; path = WelcomeViewController.swift; sourceTree = "<group>"; };
		964AAFB824FCF04D0093A3C8 /* Welcome.storyboard */ = {isa = PBXFileReference; lastKnownFileType = file.storyboard; path = Welcome.storyboard; sourceTree = "<group>"; };
		964AAFBA24FCF05A0093A3C8 /* UserInfo.storyboard */ = {isa = PBXFileReference; lastKnownFileType = file.storyboard; path = UserInfo.storyboard; sourceTree = "<group>"; };
		964AAFBC24FCF0630093A3C8 /* UserInfoRouter.swift */ = {isa = PBXFileReference; lastKnownFileType = sourcecode.swift; path = UserInfoRouter.swift; sourceTree = "<group>"; };
		964AAFBE24FCF06B0093A3C8 /* UserInfoPresenter.swift */ = {isa = PBXFileReference; lastKnownFileType = sourcecode.swift; path = UserInfoPresenter.swift; sourceTree = "<group>"; };
		964AAFC024FCF2970093A3C8 /* UserInfoViewController.swift */ = {isa = PBXFileReference; lastKnownFileType = sourcecode.swift; path = UserInfoViewController.swift; sourceTree = "<group>"; };
/* End PBXFileReference section */

/* Begin PBXFrameworksBuildPhase section */
		964AAF6624FCEACB0093A3C8 /* Frameworks */ = {
			isa = PBXFrameworksBuildPhase;
			buildActionMask = 2147483647;
			files = (
			);
			runOnlyForDeploymentPostprocessing = 0;
		};
		964AAF7C24FCEACD0093A3C8 /* Frameworks */ = {
			isa = PBXFrameworksBuildPhase;
			buildActionMask = 2147483647;
			files = (
			);
			runOnlyForDeploymentPostprocessing = 0;
		};
		964AAF8724FCEACD0093A3C8 /* Frameworks */ = {
			isa = PBXFrameworksBuildPhase;
			buildActionMask = 2147483647;
			files = (
			);
			runOnlyForDeploymentPostprocessing = 0;
		};
/* End PBXFrameworksBuildPhase section */

/* Begin PBXGroup section */
		964AAF6024FCEACB0093A3C8 = {
			isa = PBXGroup;
			children = (
				964AAF6B24FCEACB0093A3C8 /* ViperSample */,
				964AAF8224FCEACD0093A3C8 /* ViperSampleTests */,
				964AAF8D24FCEACD0093A3C8 /* ViperSampleUITests */,
				964AAF6A24FCEACB0093A3C8 /* Products */,
			);
			sourceTree = "<group>";
		};
		964AAF6A24FCEACB0093A3C8 /* Products */ = {
			isa = PBXGroup;
			children = (
				964AAF6924FCEACB0093A3C8 /* ViperSample.app */,
				964AAF7F24FCEACD0093A3C8 /* ViperSampleTests.xctest */,
				964AAF8A24FCEACD0093A3C8 /* ViperSampleUITests.xctest */,
			);
			name = Products;
			sourceTree = "<group>";
		};
		964AAF6B24FCEACB0093A3C8 /* ViperSample */ = {
			isa = PBXGroup;
			children = (
				964AAF9D24FCEB160093A3C8 /* Data */,
				964AAF9C24FCEB0A0093A3C8 /* Modules */,
				964AAF6C24FCEACB0093A3C8 /* AppDelegate.swift */,
				964AAF6E24FCEACB0093A3C8 /* SceneDelegate.swift */,
				964AAF7024FCEACB0093A3C8 /* ViewController.swift */,
				964AAF7224FCEACB0093A3C8 /* Main.storyboard */,
				964AAF7524FCEACD0093A3C8 /* Assets.xcassets */,
				964AAF7724FCEACD0093A3C8 /* LaunchScreen.storyboard */,
				964AAF7A24FCEACD0093A3C8 /* Info.plist */,
			);
			path = ViperSample;
			sourceTree = "<group>";
		};
		964AAF8224FCEACD0093A3C8 /* ViperSampleTests */ = {
			isa = PBXGroup;
			children = (
				964AAF8324FCEACD0093A3C8 /* ViperSampleTests.swift */,
				964AAF8524FCEACD0093A3C8 /* Info.plist */,
			);
			path = ViperSampleTests;
			sourceTree = "<group>";
		};
		964AAF8D24FCEACD0093A3C8 /* ViperSampleUITests */ = {
			isa = PBXGroup;
			children = (
				964AAF8E24FCEACD0093A3C8 /* ViperSampleUITests.swift */,
				964AAF9024FCEACD0093A3C8 /* Info.plist */,
			);
			path = ViperSampleUITests;
			sourceTree = "<group>";
		};
		964AAF9C24FCEB0A0093A3C8 /* Modules */ = {
			isa = PBXGroup;
			children = (
				964AAFA824FCEFBD0093A3C8 /* Welcome */,
				964AAFA724FCEFB30093A3C8 /* UserInfo */,
			);
			path = Modules;
			sourceTree = "<group>";
		};
		964AAF9D24FCEB160093A3C8 /* Data */ = {
			isa = PBXGroup;
			children = (
				964AAF9F24FCEB2E0093A3C8 /* Interactor */,
				964AAF9E24FCEB280093A3C8 /* Entity */,
			);
			path = Data;
			sourceTree = "<group>";
		};
		964AAF9E24FCEB280093A3C8 /* Entity */ = {
			isa = PBXGroup;
			children = (
				964AAFA224FCEB4E0093A3C8 /* User.swift */,
			);
			path = Entity;
			sourceTree = "<group>";
		};
		964AAF9F24FCEB2E0093A3C8 /* Interactor */ = {
			isa = PBXGroup;
			children = (
				964AAFA024FCEB3B0093A3C8 /* UserInteractor.swift */,
			);
			path = Interactor;
			sourceTree = "<group>";
		};
		964AAFA424FCEF950093A3C8 /* View */ = {
			isa = PBXGroup;
			children = (
				964AAFBA24FCF05A0093A3C8 /* UserInfo.storyboard */,
				964AAFC024FCF2970093A3C8 /* UserInfoViewController.swift */,
			);
			path = View;
			sourceTree = "<group>";
		};
		964AAFA524FCEF9A0093A3C8 /* Presenter */ = {
			isa = PBXGroup;
			children = (
				964AAFBE24FCF06B0093A3C8 /* UserInfoPresenter.swift */,
			);
			path = Presenter;
			sourceTree = "<group>";
		};
		964AAFA624FCEFA10093A3C8 /* Router */ = {
			isa = PBXGroup;
			children = (
				964AAFBC24FCF0630093A3C8 /* UserInfoRouter.swift */,
			);
			path = Router;
			sourceTree = "<group>";
		};
		964AAFA724FCEFB30093A3C8 /* UserInfo */ = {
			isa = PBXGroup;
			children = (
				964AAFA624FCEFA10093A3C8 /* Router */,
				964AAFA524FCEF9A0093A3C8 /* Presenter */,
				964AAFA424FCEF950093A3C8 /* View */,
			);
			path = UserInfo;
			sourceTree = "<group>";
		};
		964AAFA824FCEFBD0093A3C8 /* Welcome */ = {
			isa = PBXGroup;
			children = (
				964AAFAF24FCF00B0093A3C8 /* Router */,
				964AAFB124FCF02A0093A3C8 /* Presenter */,
				964AAFB024FCF0250093A3C8 /* View */,
			);
			path = Welcome;
			sourceTree = "<group>";
		};
		964AAFAF24FCF00B0093A3C8 /* Router */ = {
			isa = PBXGroup;
			children = (
				964AAFB224FCF0350093A3C8 /* WelcomeRouter.swift */,
			);
			path = Router;
			sourceTree = "<group>";
		};
		964AAFB024FCF0250093A3C8 /* View */ = {
			isa = PBXGroup;
			children = (
				964AAFB624FCF0470093A3C8 /* WelcomeViewController.swift */,
				964AAFB824FCF04D0093A3C8 /* Welcome.storyboard */,
			);
			path = View;
			sourceTree = "<group>";
		};
		964AAFB124FCF02A0093A3C8 /* Presenter */ = {
			isa = PBXGroup;
			children = (
				964AAFB424FCF03D0093A3C8 /* WelcomePresenter.swift */,
			);
			path = Presenter;
			sourceTree = "<group>";
		};
/* End PBXGroup section */

/* Begin PBXNativeTarget section */
		964AAF6824FCEACB0093A3C8 /* ViperSample */ = {
			isa = PBXNativeTarget;
			buildConfigurationList = 964AAF9324FCEACD0093A3C8 /* Build configuration list for PBXNativeTarget "ViperSample" */;
			buildPhases = (
				964AAF6524FCEACB0093A3C8 /* Sources */,
				964AAF6624FCEACB0093A3C8 /* Frameworks */,
				964AAF6724FCEACB0093A3C8 /* Resources */,
			);
			buildRules = (
			);
			dependencies = (
			);
			name = ViperSample;
			productName = ViperSample;
			productReference = 964AAF6924FCEACB0093A3C8 /* ViperSample.app */;
			productType = "com.apple.product-type.application";
		};
		964AAF7E24FCEACD0093A3C8 /* ViperSampleTests */ = {
			isa = PBXNativeTarget;
			buildConfigurationList = 964AAF9624FCEACD0093A3C8 /* Build configuration list for PBXNativeTarget "ViperSampleTests" */;
			buildPhases = (
				964AAF7B24FCEACD0093A3C8 /* Sources */,
				964AAF7C24FCEACD0093A3C8 /* Frameworks */,
				964AAF7D24FCEACD0093A3C8 /* Resources */,
			);
			buildRules = (
			);
			dependencies = (
				964AAF8124FCEACD0093A3C8 /* PBXTargetDependency */,
			);
			name = ViperSampleTests;
			productName = ViperSampleTests;
			productReference = 964AAF7F24FCEACD0093A3C8 /* ViperSampleTests.xctest */;
			productType = "com.apple.product-type.bundle.unit-test";
		};
		964AAF8924FCEACD0093A3C8 /* ViperSampleUITests */ = {
			isa = PBXNativeTarget;
			buildConfigurationList = 964AAF9924FCEACD0093A3C8 /* Build configuration list for PBXNativeTarget "ViperSampleUITests" */;
			buildPhases = (
				964AAF8624FCEACD0093A3C8 /* Sources */,
				964AAF8724FCEACD0093A3C8 /* Frameworks */,
				964AAF8824FCEACD0093A3C8 /* Resources */,
			);
			buildRules = (
			);
			dependencies = (
				964AAF8C24FCEACD0093A3C8 /* PBXTargetDependency */,
			);
			name = ViperSampleUITests;
			productName = ViperSampleUITests;
			productReference = 964AAF8A24FCEACD0093A3C8 /* ViperSampleUITests.xctest */;
			productType = "com.apple.product-type.bundle.ui-testing";
		};
/* End PBXNativeTarget section */

/* Begin PBXProject section */
		964AAF6124FCEACB0093A3C8 /* Project object */ = {
			isa = PBXProject;
			attributes = {
				LastSwiftUpdateCheck = 1160;
				LastUpgradeCheck = 1160;
				ORGANIZATIONNAME = "Kentaro Terasaki";
				TargetAttributes = {
					964AAF6824FCEACB0093A3C8 = {
						CreatedOnToolsVersion = 11.6;
					};
					964AAF7E24FCEACD0093A3C8 = {
						CreatedOnToolsVersion = 11.6;
						TestTargetID = 964AAF6824FCEACB0093A3C8;
					};
					964AAF8924FCEACD0093A3C8 = {
						CreatedOnToolsVersion = 11.6;
						TestTargetID = 964AAF6824FCEACB0093A3C8;
					};
				};
			};
			buildConfigurationList = 964AAF6424FCEACB0093A3C8 /* Build configuration list for PBXProject "ViperSample" */;
			compatibilityVersion = "Xcode 9.3";
			developmentRegion = en;
			hasScannedForEncodings = 0;
			knownRegions = (
				en,
				Base,
			);
			mainGroup = 964AAF6024FCEACB0093A3C8;
			productRefGroup = 964AAF6A24FCEACB0093A3C8 /* Products */;
			projectDirPath = "";
			projectRoot = "";
			targets = (
				964AAF6824FCEACB0093A3C8 /* ViperSample */,
				964AAF7E24FCEACD0093A3C8 /* ViperSampleTests */,
				964AAF8924FCEACD0093A3C8 /* ViperSampleUITests */,
			);
		};
/* End PBXProject section */

/* Begin PBXResourcesBuildPhase section */
		964AAF6724FCEACB0093A3C8 /* Resources */ = {
			isa = PBXResourcesBuildPhase;
			buildActionMask = 2147483647;
			files = (
				964AAF7924FCEACD0093A3C8 /* LaunchScreen.storyboard in Resources */,
				964AAFBB24FCF05A0093A3C8 /* UserInfo.storyboard in Resources */,
				964AAFB924FCF04D0093A3C8 /* Welcome.storyboard in Resources */,
				964AAF7624FCEACD0093A3C8 /* Assets.xcassets in Resources */,
				964AAF7424FCEACB0093A3C8 /* Main.storyboard in Resources */,
			);
			runOnlyForDeploymentPostprocessing = 0;
		};
		964AAF7D24FCEACD0093A3C8 /* Resources */ = {
			isa = PBXResourcesBuildPhase;
			buildActionMask = 2147483647;
			files = (
			);
			runOnlyForDeploymentPostprocessing = 0;
		};
		964AAF8824FCEACD0093A3C8 /* Resources */ = {
			isa = PBXResourcesBuildPhase;
			buildActionMask = 2147483647;
			files = (
			);
			runOnlyForDeploymentPostprocessing = 0;
		};
/* End PBXResourcesBuildPhase section */

/* Begin PBXSourcesBuildPhase section */
		964AAF6524FCEACB0093A3C8 /* Sources */ = {
			isa = PBXSourcesBuildPhase;
			buildActionMask = 2147483647;
			files = (
				964AAF7124FCEACB0093A3C8 /* ViewController.swift in Sources */,
				964AAFBF24FCF06B0093A3C8 /* UserInfoPresenter.swift in Sources */,
				964AAFB724FCF0470093A3C8 /* WelcomeViewController.swift in Sources */,
				964AAFA124FCEB3B0093A3C8 /* UserInteractor.swift in Sources */,
				964AAFB524FCF03D0093A3C8 /* WelcomePresenter.swift in Sources */,
				964AAFC124FCF2970093A3C8 /* UserInfoViewController.swift in Sources */,
				964AAF6D24FCEACB0093A3C8 /* AppDelegate.swift in Sources */,
				964AAFBD24FCF0630093A3C8 /* UserInfoRouter.swift in Sources */,
				964AAFB324FCF0350093A3C8 /* WelcomeRouter.swift in Sources */,
				964AAFA324FCEB4E0093A3C8 /* User.swift in Sources */,
				964AAF6F24FCEACB0093A3C8 /* SceneDelegate.swift in Sources */,
			);
			runOnlyForDeploymentPostprocessing = 0;
		};
		964AAF7B24FCEACD0093A3C8 /* Sources */ = {
			isa = PBXSourcesBuildPhase;
			buildActionMask = 2147483647;
			files = (
				964AAF8424FCEACD0093A3C8 /* ViperSampleTests.swift in Sources */,
			);
			runOnlyForDeploymentPostprocessing = 0;
		};
		964AAF8624FCEACD0093A3C8 /* Sources */ = {
			isa = PBXSourcesBuildPhase;
			buildActionMask = 2147483647;
			files = (
				964AAF8F24FCEACD0093A3C8 /* ViperSampleUITests.swift in Sources */,
			);
			runOnlyForDeploymentPostprocessing = 0;
		};
/* End PBXSourcesBuildPhase section */

/* Begin PBXTargetDependency section */
		964AAF8124FCEACD0093A3C8 /* PBXTargetDependency */ = {
			isa = PBXTargetDependency;
			target = 964AAF6824FCEACB0093A3C8 /* ViperSample */;
			targetProxy = 964AAF8024FCEACD0093A3C8 /* PBXContainerItemProxy */;
		};
		964AAF8C24FCEACD0093A3C8 /* PBXTargetDependency */ = {
			isa = PBXTargetDependency;
			target = 964AAF6824FCEACB0093A3C8 /* ViperSample */;
			targetProxy = 964AAF8B24FCEACD0093A3C8 /* PBXContainerItemProxy */;
		};
/* End PBXTargetDependency section */

/* Begin PBXVariantGroup section */
		964AAF7224FCEACB0093A3C8 /* Main.storyboard */ = {
			isa = PBXVariantGroup;
			children = (
				964AAF7324FCEACB0093A3C8 /* Base */,
			);
			name = Main.storyboard;
			sourceTree = "<group>";
		};
		964AAF7724FCEACD0093A3C8 /* LaunchScreen.storyboard */ = {
			isa = PBXVariantGroup;
			children = (
				964AAF7824FCEACD0093A3C8 /* Base */,
			);
			name = LaunchScreen.storyboard;
			sourceTree = "<group>";
		};
/* End PBXVariantGroup section */

/* Begin XCBuildConfiguration section */
		964AAF9124FCEACD0093A3C8 /* Debug */ = {
			isa = XCBuildConfiguration;
			buildSettings = {
				ALWAYS_SEARCH_USER_PATHS = NO;
				CLANG_ANALYZER_NONNULL = YES;
				CLANG_ANALYZER_NUMBER_OBJECT_CONVERSION = YES_AGGRESSIVE;
				CLANG_CXX_LANGUAGE_STANDARD = "gnu++14";
				CLANG_CXX_LIBRARY = "libc++";
				CLANG_ENABLE_MODULES = YES;
				CLANG_ENABLE_OBJC_ARC = YES;
				CLANG_ENABLE_OBJC_WEAK = YES;
				CLANG_WARN_BLOCK_CAPTURE_AUTORELEASING = YES;
				CLANG_WARN_BOOL_CONVERSION = YES;
				CLANG_WARN_COMMA = YES;
				CLANG_WARN_CONSTANT_CONVERSION = YES;
				CLANG_WARN_DEPRECATED_OBJC_IMPLEMENTATIONS = YES;
				CLANG_WARN_DIRECT_OBJC_ISA_USAGE = YES_ERROR;
				CLANG_WARN_DOCUMENTATION_COMMENTS = YES;
				CLANG_WARN_EMPTY_BODY = YES;
				CLANG_WARN_ENUM_CONVERSION = YES;
				CLANG_WARN_INFINITE_RECURSION = YES;
				CLANG_WARN_INT_CONVERSION = YES;
				CLANG_WARN_NON_LITERAL_NULL_CONVERSION = YES;
				CLANG_WARN_OBJC_IMPLICIT_RETAIN_SELF = YES;
				CLANG_WARN_OBJC_LITERAL_CONVERSION = YES;
				CLANG_WARN_OBJC_ROOT_CLASS = YES_ERROR;
				CLANG_WARN_RANGE_LOOP_ANALYSIS = YES;
				CLANG_WARN_STRICT_PROTOTYPES = YES;
				CLANG_WARN_SUSPICIOUS_MOVE = YES;
				CLANG_WARN_UNGUARDED_AVAILABILITY = YES_AGGRESSIVE;
				CLANG_WARN_UNREACHABLE_CODE = YES;
				CLANG_WARN__DUPLICATE_METHOD_MATCH = YES;
				COPY_PHASE_STRIP = NO;
				DEBUG_INFORMATION_FORMAT = dwarf;
				ENABLE_STRICT_OBJC_MSGSEND = YES;
				ENABLE_TESTABILITY = YES;
				GCC_C_LANGUAGE_STANDARD = gnu11;
				GCC_DYNAMIC_NO_PIC = NO;
				GCC_NO_COMMON_BLOCKS = YES;
				GCC_OPTIMIZATION_LEVEL = 0;
				GCC_PREPROCESSOR_DEFINITIONS = (
					"DEBUG=1",
					"$(inherited)",
				);
				GCC_WARN_64_TO_32_BIT_CONVERSION = YES;
				GCC_WARN_ABOUT_RETURN_TYPE = YES_ERROR;
				GCC_WARN_UNDECLARED_SELECTOR = YES;
				GCC_WARN_UNINITIALIZED_AUTOS = YES_AGGRESSIVE;
				GCC_WARN_UNUSED_FUNCTION = YES;
				GCC_WARN_UNUSED_VARIABLE = YES;
				IPHONEOS_DEPLOYMENT_TARGET = 13.6;
				MTL_ENABLE_DEBUG_INFO = INCLUDE_SOURCE;
				MTL_FAST_MATH = YES;
				ONLY_ACTIVE_ARCH = YES;
				SDKROOT = iphoneos;
				SWIFT_ACTIVE_COMPILATION_CONDITIONS = DEBUG;
				SWIFT_OPTIMIZATION_LEVEL = "-Onone";
			};
			name = Debug;
		};
		964AAF9224FCEACD0093A3C8 /* Release */ = {
			isa = XCBuildConfiguration;
			buildSettings = {
				ALWAYS_SEARCH_USER_PATHS = NO;
				CLANG_ANALYZER_NONNULL = YES;
				CLANG_ANALYZER_NUMBER_OBJECT_CONVERSION = YES_AGGRESSIVE;
				CLANG_CXX_LANGUAGE_STANDARD = "gnu++14";
				CLANG_CXX_LIBRARY = "libc++";
				CLANG_ENABLE_MODULES = YES;
				CLANG_ENABLE_OBJC_ARC = YES;
				CLANG_ENABLE_OBJC_WEAK = YES;
				CLANG_WARN_BLOCK_CAPTURE_AUTORELEASING = YES;
				CLANG_WARN_BOOL_CONVERSION = YES;
				CLANG_WARN_COMMA = YES;
				CLANG_WARN_CONSTANT_CONVERSION = YES;
				CLANG_WARN_DEPRECATED_OBJC_IMPLEMENTATIONS = YES;
				CLANG_WARN_DIRECT_OBJC_ISA_USAGE = YES_ERROR;
				CLANG_WARN_DOCUMENTATION_COMMENTS = YES;
				CLANG_WARN_EMPTY_BODY = YES;
				CLANG_WARN_ENUM_CONVERSION = YES;
				CLANG_WARN_INFINITE_RECURSION = YES;
				CLANG_WARN_INT_CONVERSION = YES;
				CLANG_WARN_NON_LITERAL_NULL_CONVERSION = YES;
				CLANG_WARN_OBJC_IMPLICIT_RETAIN_SELF = YES;
				CLANG_WARN_OBJC_LITERAL_CONVERSION = YES;
				CLANG_WARN_OBJC_ROOT_CLASS = YES_ERROR;
				CLANG_WARN_RANGE_LOOP_ANALYSIS = YES;
				CLANG_WARN_STRICT_PROTOTYPES = YES;
				CLANG_WARN_SUSPICIOUS_MOVE = YES;
				CLANG_WARN_UNGUARDED_AVAILABILITY = YES_AGGRESSIVE;
				CLANG_WARN_UNREACHABLE_CODE = YES;
				CLANG_WARN__DUPLICATE_METHOD_MATCH = YES;
				COPY_PHASE_STRIP = NO;
				DEBUG_INFORMATION_FORMAT = "dwarf-with-dsym";
				ENABLE_NS_ASSERTIONS = NO;
				ENABLE_STRICT_OBJC_MSGSEND = YES;
				GCC_C_LANGUAGE_STANDARD = gnu11;
				GCC_NO_COMMON_BLOCKS = YES;
				GCC_WARN_64_TO_32_BIT_CONVERSION = YES;
				GCC_WARN_ABOUT_RETURN_TYPE = YES_ERROR;
				GCC_WARN_UNDECLARED_SELECTOR = YES;
				GCC_WARN_UNINITIALIZED_AUTOS = YES_AGGRESSIVE;
				GCC_WARN_UNUSED_FUNCTION = YES;
				GCC_WARN_UNUSED_VARIABLE = YES;
				IPHONEOS_DEPLOYMENT_TARGET = 13.6;
				MTL_ENABLE_DEBUG_INFO = NO;
				MTL_FAST_MATH = YES;
				SDKROOT = iphoneos;
				SWIFT_COMPILATION_MODE = wholemodule;
				SWIFT_OPTIMIZATION_LEVEL = "-O";
				VALIDATE_PRODUCT = YES;
			};
			name = Release;
		};
		964AAF9424FCEACD0093A3C8 /* Debug */ = {
			isa = XCBuildConfiguration;
			buildSettings = {
				ASSETCATALOG_COMPILER_APPICON_NAME = AppIcon;
				CODE_SIGN_STYLE = Automatic;
				INFOPLIST_FILE = ViperSample/Info.plist;
				LD_RUNPATH_SEARCH_PATHS = (
					"$(inherited)",
					"@executable_path/Frameworks",
				);
				PRODUCT_BUNDLE_IDENTIFIER = com.test.ViperSample;
				PRODUCT_NAME = "$(TARGET_NAME)";
				SWIFT_VERSION = 5.0;
				TARGETED_DEVICE_FAMILY = "1,2";
			};
			name = Debug;
		};
		964AAF9524FCEACD0093A3C8 /* Release */ = {
			isa = XCBuildConfiguration;
			buildSettings = {
				ASSETCATALOG_COMPILER_APPICON_NAME = AppIcon;
				CODE_SIGN_STYLE = Automatic;
				INFOPLIST_FILE = ViperSample/Info.plist;
				LD_RUNPATH_SEARCH_PATHS = (
					"$(inherited)",
					"@executable_path/Frameworks",
				);
				PRODUCT_BUNDLE_IDENTIFIER = com.test.ViperSample;
				PRODUCT_NAME = "$(TARGET_NAME)";
				SWIFT_VERSION = 5.0;
				TARGETED_DEVICE_FAMILY = "1,2";
			};
			name = Release;
		};
		964AAF9724FCEACD0093A3C8 /* Debug */ = {
			isa = XCBuildConfiguration;
			buildSettings = {
				ALWAYS_EMBED_SWIFT_STANDARD_LIBRARIES = YES;
				BUNDLE_LOADER = "$(TEST_HOST)";
				CODE_SIGN_STYLE = Automatic;
				INFOPLIST_FILE = ViperSampleTests/Info.plist;
				IPHONEOS_DEPLOYMENT_TARGET = 13.6;
				LD_RUNPATH_SEARCH_PATHS = (
					"$(inherited)",
					"@executable_path/Frameworks",
					"@loader_path/Frameworks",
				);
				PRODUCT_BUNDLE_IDENTIFIER = com.test.ViperSampleTests;
				PRODUCT_NAME = "$(TARGET_NAME)";
				SWIFT_VERSION = 5.0;
				TARGETED_DEVICE_FAMILY = "1,2";
				TEST_HOST = "$(BUILT_PRODUCTS_DIR)/ViperSample.app/ViperSample";
			};
			name = Debug;
		};
		964AAF9824FCEACD0093A3C8 /* Release */ = {
			isa = XCBuildConfiguration;
			buildSettings = {
				ALWAYS_EMBED_SWIFT_STANDARD_LIBRARIES = YES;
				BUNDLE_LOADER = "$(TEST_HOST)";
				CODE_SIGN_STYLE = Automatic;
				INFOPLIST_FILE = ViperSampleTests/Info.plist;
				IPHONEOS_DEPLOYMENT_TARGET = 13.6;
				LD_RUNPATH_SEARCH_PATHS = (
					"$(inherited)",
					"@executable_path/Frameworks",
					"@loader_path/Frameworks",
				);
				PRODUCT_BUNDLE_IDENTIFIER = com.test.ViperSampleTests;
				PRODUCT_NAME = "$(TARGET_NAME)";
				SWIFT_VERSION = 5.0;
				TARGETED_DEVICE_FAMILY = "1,2";
				TEST_HOST = "$(BUILT_PRODUCTS_DIR)/ViperSample.app/ViperSample";
			};
			name = Release;
		};
		964AAF9A24FCEACD0093A3C8 /* Debug */ = {
			isa = XCBuildConfiguration;
			buildSettings = {
				ALWAYS_EMBED_SWIFT_STANDARD_LIBRARIES = YES;
				CODE_SIGN_STYLE = Automatic;
				INFOPLIST_FILE = ViperSampleUITests/Info.plist;
				LD_RUNPATH_SEARCH_PATHS = (
					"$(inherited)",
					"@executable_path/Frameworks",
					"@loader_path/Frameworks",
				);
				PRODUCT_BUNDLE_IDENTIFIER = com.test.ViperSampleUITests;
				PRODUCT_NAME = "$(TARGET_NAME)";
				SWIFT_VERSION = 5.0;
				TARGETED_DEVICE_FAMILY = "1,2";
				TEST_TARGET_NAME = ViperSample;
			};
			name = Debug;
		};
		964AAF9B24FCEACD0093A3C8 /* Release */ = {
			isa = XCBuildConfiguration;
			buildSettings = {
				ALWAYS_EMBED_SWIFT_STANDARD_LIBRARIES = YES;
				CODE_SIGN_STYLE = Automatic;
				INFOPLIST_FILE = ViperSampleUITests/Info.plist;
				LD_RUNPATH_SEARCH_PATHS = (
					"$(inherited)",
					"@executable_path/Frameworks",
					"@loader_path/Frameworks",
				);
				PRODUCT_BUNDLE_IDENTIFIER = com.test.ViperSampleUITests;
				PRODUCT_NAME = "$(TARGET_NAME)";
				SWIFT_VERSION = 5.0;
				TARGETED_DEVICE_FAMILY = "1,2";
				TEST_TARGET_NAME = ViperSample;
			};
			name = Release;
		};
/* End XCBuildConfiguration section */

/* Begin XCConfigurationList section */
		964AAF6424FCEACB0093A3C8 /* Build configuration list for PBXProject "ViperSample" */ = {
			isa = XCConfigurationList;
			buildConfigurations = (
				964AAF9124FCEACD0093A3C8 /* Debug */,
				964AAF9224FCEACD0093A3C8 /* Release */,
			);
			defaultConfigurationIsVisible = 0;
			defaultConfigurationName = Release;
		};
		964AAF9324FCEACD0093A3C8 /* Build configuration list for PBXNativeTarget "ViperSample" */ = {
			isa = XCConfigurationList;
			buildConfigurations = (
				964AAF9424FCEACD0093A3C8 /* Debug */,
				964AAF9524FCEACD0093A3C8 /* Release */,
			);
			defaultConfigurationIsVisible = 0;
			defaultConfigurationName = Release;
		};
		964AAF9624FCEACD0093A3C8 /* Build configuration list for PBXNativeTarget "ViperSampleTests" */ = {
			isa = XCConfigurationList;
			buildConfigurations = (
				964AAF9724FCEACD0093A3C8 /* Debug */,
				964AAF9824FCEACD0093A3C8 /* Release */,
			);
			defaultConfigurationIsVisible = 0;
			defaultConfigurationName = Release;
		};
		964AAF9924FCEACD0093A3C8 /* Build configuration list for PBXNativeTarget "ViperSampleUITests" */ = {
			isa = XCConfigurationList;
			buildConfigurations = (
				964AAF9A24FCEACD0093A3C8 /* Debug */,
				964AAF9B24FCEACD0093A3C8 /* Release */,
			);
			defaultConfigurationIsVisible = 0;
			defaultConfigurationName = Release;
		};
/* End XCConfigurationList section */
	};
	rootObject = 964AAF6124FCEACB0093A3C8 /* Project object */;
}
